
Microsoft Visual Studio Solution File, Format Version 12.00
# Visual Studio Version 17
VisualStudioVersion = 17.9.34902.65
MinimumVisualStudioVersion = 10.0.40219.1
Project("{FAE04EC0-301F-11D3-BF4B-00C04F79EFBC}") = "KON.Liwest.ChannelFactory", "KON.Liwest.ChannelFactory.csproj", "{C69E6790-8F3A-493B-9FFB-3A4D69421147}"
	ProjectSection(ProjectDependencies) = postProject
		{8DCB974E-F3D1-4E18-8F91-08419C9C28A3} = {8DCB974E-F3D1-4E18-8F91-08419C9C28A3}
	EndProjectSection
EndProject
Project("{9A19103F-16F7-4668-BE54-9A1E7A4F7556}") = "KON.OctoScan.NET", "..\KON.OctoScan.NET\KON.OctoScan.NET.csproj", "{8DCB974E-F3D1-4E18-8F91-08419C9C28A3}"
EndProject
Project("{FAE04EC0-301F-11D3-BF4B-00C04F79EFBC}") = "EnigmaSettings", "..\..\Adopted\EnigmaSettings\EnigmaSettings\EnigmaSettings.csproj", "{3F1F3273-9407-4F58-E644-CE210AECD2EC}"
EndProject
Global
	GlobalSection(SolutionConfigurationPlatforms) = preSolution
		Debug|Any CPU = Debug|Any CPU
		Release|Any CPU = Release|Any CPU
	EndGlobalSection
	GlobalSection(ProjectConfigurationPlatforms) = postSolution
		{C69E6790-8F3A-493B-9FFB-3A4D69421147}.Debug|Any CPU.ActiveCfg = Debug|Any CPU
		{C69E6790-8F3A-493B-9FFB-3A4D69421147}.Debug|Any CPU.Build.0 = Debug|Any CPU
		{C69E6790-8F3A-493B-9FFB-3A4D69421147}.Release|Any CPU.ActiveCfg = Release|Any CPU
		{C69E6790-8F3A-493B-9FFB-3A4D69421147}.Release|Any CPU.Build.0 = Release|Any CPU
		{8DCB974E-F3D1-4E18-8F91-08419C9C28A3}.Debug|Any CPU.ActiveCfg = Debug|Any CPU
		{8DCB974E-F3D1-4E18-8F91-08419C9C28A3}.Release|Any CPU.ActiveCfg = Release|Any CPU
		{8DCB974E-F3D1-4E18-8F91-08419C9C28A3}.Release|Any CPU.Build.0 = Release|Any CPU
		{3F1F3273-9407-4F58-E644-CE210AECD2EC}.Debug|Any CPU.ActiveCfg = Debug|Any CPU
		{3F1F3273-9407-4F58-E644-CE210AECD2EC}.Debug|Any CPU.Build.0 = Debug|Any CPU
		{3F1F3273-9407-4F58-E644-CE210AECD2EC}.Release|Any CPU.ActiveCfg = Release|Any CPU
		{3F1F3273-9407-4F58-E644-CE210AECD2EC}.Release|Any CPU.Build.0 = Release|Any CPU
	EndGlobalSection
	GlobalSection(SolutionProperties) = preSolution
		HideSolutionNode = FALSE
	EndGlobalSection
	GlobalSection(ExtensibilityGlobals) = postSolution
		SolutionGuid = {6F4DB0A2-34AC-4A57-9FC5-083C46E949EB}
	EndGlobalSection
EndGlobal